
Microsoft Visual Studio Solution File, Format Version 12.00
# Visual Studio Version 16
VisualStudioVersion = 16.0.29306.81
MinimumVisualStudioVersion = 10.0.40219.1
Project("{FAE04EC0-301F-11D3-BF4B-00C04F79EFBC}") = "Uygulama_1", "Uygulama_1\Uygulama_1.csproj", "{980B8909-82EE-4DAC-B994-AB2C71F3199C}"
EndProject
Project("{FAE04EC0-301F-11D3-BF4B-00C04F79EFBC}") = "Uygulama_2", "Uygulama_2\Uygulama_2.csproj", "{5A9B5AD5-8C7F-48F0-825A-C8AE9D41CAB3}"
EndProject
Project("{FAE04EC0-301F-11D3-BF4B-00C04F79EFBC}") = "Uygulama_3", "Uygulama_3\Uygulama_3.csproj", "{52F4FDBF-415C-4FE4-948D-9361BE053B1F}"
EndProject
Project("{FAE04EC0-301F-11D3-BF4B-00C04F79EFBC}") = "Uygulama_4", "Uygulama_4\Uygulama_4.csproj", "{C035DFEA-6F59-4480-8906-B96F174BB70F}"
EndProject
Project("{FAE04EC0-301F-11D3-BF4B-00C04F79EFBC}") = "Uygulama_5", "Uygulama_5\Uygulama_5.csproj", "{E9C905FB-4433-4A7F-8D71-B6D0AEBD44E6}"
EndProject
Project("{FAE04EC0-301F-11D3-BF4B-00C04F79EFBC}") = "Uygulama_6", "Uygulama_6\Uygulama_6.csproj", "{3A18EEB8-DB0B-4B90-A97B-9F0070764689}"
EndProject
Project("{FAE04EC0-301F-11D3-BF4B-00C04F79EFBC}") = "Uygulama_7", "Uygulama_7\Uygulama_7.csproj", "{51A55618-BA5F-45B3-8128-912D89AC1F2D}"
EndProject
Project("{FAE04EC0-301F-11D3-BF4B-00C04F79EFBC}") = "Uygulama_8", "Uygulama_8\Uygulama_8.csproj", "{CD56E3F4-72E3-4B8E-9402-B499F25F10CB}"
EndProject
Project("{FAE04EC0-301F-11D3-BF4B-00C04F79EFBC}") = "Uygulama_9", "Uygulama_9\Uygulama_9.csproj", "{BC4F72F5-546D-4E95-83DA-B00A053F6A78}"
EndProject
Project("{FAE04EC0-301F-11D3-BF4B-00C04F79EFBC}") = "Uygulama_10", "Uygulama_10\Uygulama_10.csproj", "{EC4EF20C-4432-4551-B023-AECE8073F5AD}"
EndProject
Global
	GlobalSection(SolutionConfigurationPlatforms) = preSolution
		Debug|Any CPU = Debug|Any CPU
		Release|Any CPU = Release|Any CPU
	EndGlobalSection
	GlobalSection(ProjectConfigurationPlatforms) = postSolution
		{980B8909-82EE-4DAC-B994-AB2C71F3199C}.Debug|Any CPU.ActiveCfg = Debug|Any CPU
		{980B8909-82EE-4DAC-B994-AB2C71F3199C}.Debug|Any CPU.Build.0 = Debug|Any CPU
		{980B8909-82EE-4DAC-B994-AB2C71F3199C}.Release|Any CPU.ActiveCfg = Release|Any CPU
		{980B8909-82EE-4DAC-B994-AB2C71F3199C}.Release|Any CPU.Build.0 = Release|Any CPU
		{5A9B5AD5-8C7F-48F0-825A-C8AE9D41CAB3}.Debug|Any CPU.ActiveCfg = Debug|Any CPU
		{5A9B5AD5-8C7F-48F0-825A-C8AE9D41CAB3}.Debug|Any CPU.Build.0 = Debug|Any CPU
		{5A9B5AD5-8C7F-48F0-825A-C8AE9D41CAB3}.Release|Any CPU.ActiveCfg = Release|Any CPU
		{5A9B5AD5-8C7F-48F0-825A-C8AE9D41CAB3}.Release|Any CPU.Build.0 = Release|Any CPU
		{52F4FDBF-415C-4FE4-948D-9361BE053B1F}.Debug|Any CPU.ActiveCfg = Debug|Any CPU
		{52F4FDBF-415C-4FE4-948D-9361BE053B1F}.Debug|Any CPU.Build.0 = Debug|Any CPU
		{52F4FDBF-415C-4FE4-948D-9361BE053B1F}.Release|Any CPU.ActiveCfg = Release|Any CPU
		{52F4FDBF-415C-4FE4-948D-9361BE053B1F}.Release|Any CPU.Build.0 = Release|Any CPU
		{C035DFEA-6F59-4480-8906-B96F174BB70F}.Debug|Any CPU.ActiveCfg = Debug|Any CPU
		{C035DFEA-6F59-4480-8906-B96F174BB70F}.Debug|Any CPU.Build.0 = Debug|Any CPU
		{C035DFEA-6F59-4480-8906-B96F174BB70F}.Release|Any CPU.ActiveCfg = Release|Any CPU
		{C035DFEA-6F59-4480-8906-B96F174BB70F}.Release|Any CPU.Build.0 = Release|Any CPU
		{E9C905FB-4433-4A7F-8D71-B6D0AEBD44E6}.Debug|Any CPU.ActiveCfg = Debug|Any CPU
		{E9C905FB-4433-4A7F-8D71-B6D0AEBD44E6}.Debug|Any CPU.Build.0 = Debug|Any CPU
		{E9C905FB-4433-4A7F-8D71-B6D0AEBD44E6}.Release|Any CPU.ActiveCfg = Release|Any CPU
		{E9C905FB-4433-4A7F-8D71-B6D0AEBD44E6}.Release|Any CPU.Build.0 = Release|Any CPU
		{3A18EEB8-DB0B-4B90-A97B-9F0070764689}.Debug|Any CPU.ActiveCfg = Debug|Any CPU
		{3A18EEB8-DB0B-4B90-A97B-9F0070764689}.Debug|Any CPU.Build.0 = Debug|Any CPU
		{3A18EEB8-DB0B-4B90-A97B-9F0070764689}.Release|Any CPU.ActiveCfg = Release|Any CPU
		{3A18EEB8-DB0B-4B90-A97B-9F0070764689}.Release|Any CPU.Build.0 = Release|Any CPU
		{51A55618-BA5F-45B3-8128-912D89AC1F2D}.Debug|Any CPU.ActiveCfg = Debug|Any CPU
		{51A55618-BA5F-45B3-8128-912D89AC1F2D}.Debug|Any CPU.Build.0 = Debug|Any CPU
		{51A55618-BA5F-45B3-8128-912D89AC1F2D}.Release|Any CPU.ActiveCfg = Release|Any CPU
		{51A55618-BA5F-45B3-8128-912D89AC1F2D}.Release|Any CPU.Build.0 = Release|Any CPU
		{CD56E3F4-72E3-4B8E-9402-B499F25F10CB}.Debug|Any CPU.ActiveCfg = Debug|Any CPU
		{CD56E3F4-72E3-4B8E-9402-B499F25F10CB}.Debug|Any CPU.Build.0 = Debug|Any CPU
		{CD56E3F4-72E3-4B8E-9402-B499F25F10CB}.Release|Any CPU.ActiveCfg = Release|Any CPU
		{CD56E3F4-72E3-4B8E-9402-B499F25F10CB}.Release|Any CPU.Build.0 = Release|Any CPU
		{BC4F72F5-546D-4E95-83DA-B00A053F6A78}.Debug|Any CPU.ActiveCfg = Debug|Any CPU
		{BC4F72F5-546D-4E95-83DA-B00A053F6A78}.Debug|Any CPU.Build.0 = Debug|Any CPU
		{BC4F72F5-546D-4E95-83DA-B00A053F6A78}.Release|Any CPU.ActiveCfg = Release|Any CPU
		{BC4F72F5-546D-4E95-83DA-B00A053F6A78}.Release|Any CPU.Build.0 = Release|Any CPU
		{EC4EF20C-4432-4551-B023-AECE8073F5AD}.Debug|Any CPU.ActiveCfg = Debug|Any CPU
		{EC4EF20C-4432-4551-B023-AECE8073F5AD}.Debug|Any CPU.Build.0 = Debug|Any CPU
		{EC4EF20C-4432-4551-B023-AECE8073F5AD}.Release|Any CPU.ActiveCfg = Release|Any CPU
		{EC4EF20C-4432-4551-B023-AECE8073F5AD}.Release|Any CPU.Build.0 = Release|Any CPU
	EndGlobalSection
	GlobalSection(SolutionProperties) = preSolution
		HideSolutionNode = FALSE
	EndGlobalSection
	GlobalSection(ExtensibilityGlobals) = postSolution
		SolutionGuid = {9B804A34-04D4-46E5-9F03-5AAAF14A0CB8}
	EndGlobalSection
EndGlobal
